
Microsoft Visual Studio Solution File, Format Version 12.00
# Visual Studio Version 17
VisualStudioVersion = 17.4.33205.214
MinimumVisualStudioVersion = 10.0.40219.1
Project("{FAE04EC0-301F-11D3-BF4B-00C04F79EFBC}") = "CrudOperation", "CrudOperation\CrudOperation.csproj", "{AA90511F-7D40-48E7-82FF-BAD16C380FD9}"
EndProject
Global
	GlobalSection(SolutionConfigurationPlatforms) = preSolution
		Debug|Any CPU = Debug|Any CPU
		Release|Any CPU = Release|Any CPU
	EndGlobalSection
	GlobalSection(ProjectConfigurationPlatforms) = postSolution
		{AA90511F-7D40-48E7-82FF-BAD16C380FD9}.Debug|Any CPU.ActiveCfg = Debug|Any CPU
		{AA90511F-7D40-48E7-82FF-BAD16C380FD9}.Debug|Any CPU.Build.0 = Debug|Any CPU
		{AA90511F-7D40-48E7-82FF-BAD16C380FD9}.Release|Any CPU.ActiveCfg = Release|Any CPU
		{AA90511F-7D40-48E7-82FF-BAD16C380FD9}.Release|Any CPU.Build.0 = Release|Any CPU
	EndGlobalSection
	GlobalSection(SolutionProperties) = preSolution
		HideSolutionNode = FALSE
	EndGlobalSection
	GlobalSection(ExtensibilityGlobals) = postSolution
		SolutionGuid = {E916D837-6548-4152-9E72-596B1056C1A3}
	EndGlobalSection
EndGlobal
