
Microsoft Visual Studio Solution File, Format Version 12.00
# Visual Studio Version 17
VisualStudioVersion = 17.4.33205.214
MinimumVisualStudioVersion = 10.0.40219.1
Project("{FAE04EC0-301F-11D3-BF4B-00C04F79EFBC}") = "EnumeratorAndNumerable", "EnumeratorAndNumerable\EnumeratorAndNumerable.csproj", "{CCC232B7-172C-4BF8-82C0-FE885CCBD80E}"
EndProject
Global
	GlobalSection(SolutionConfigurationPlatforms) = preSolution
		Debug|Any CPU = Debug|Any CPU
		Release|Any CPU = Release|Any CPU
	EndGlobalSection
	GlobalSection(ProjectConfigurationPlatforms) = postSolution
		{CCC232B7-172C-4BF8-82C0-FE885CCBD80E}.Debug|Any CPU.ActiveCfg = Debug|Any CPU
		{CCC232B7-172C-4BF8-82C0-FE885CCBD80E}.Debug|Any CPU.Build.0 = Debug|Any CPU
		{CCC232B7-172C-4BF8-82C0-FE885CCBD80E}.Release|Any CPU.ActiveCfg = Release|Any CPU
		{CCC232B7-172C-4BF8-82C0-FE885CCBD80E}.Release|Any CPU.Build.0 = Release|Any CPU
	EndGlobalSection
	GlobalSection(SolutionProperties) = preSolution
		HideSolutionNode = FALSE
	EndGlobalSection
	GlobalSection(ExtensibilityGlobals) = postSolution
		SolutionGuid = {882E1BC4-0C5D-4C82-9219-EDCEF7DD71F6}
	EndGlobalSection
EndGlobal
