
Microsoft Visual Studio Solution File, Format Version 12.00
# Visual Studio Version 17
VisualStudioVersion = 17.4.33205.214
MinimumVisualStudioVersion = 10.0.40219.1
Project("{FAE04EC0-301F-11D3-BF4B-00C04F79EFBC}") = "WebApplication2Crud", "WebApplication2Crud\WebApplication2Crud.csproj", "{AEE7A334-3EF2-499B-A4F0-201095EE5A38}"
EndProject
Global
	GlobalSection(SolutionConfigurationPlatforms) = preSolution
		Debug|Any CPU = Debug|Any CPU
		Release|Any CPU = Release|Any CPU
	EndGlobalSection
	GlobalSection(ProjectConfigurationPlatforms) = postSolution
		{AEE7A334-3EF2-499B-A4F0-201095EE5A38}.Debug|Any CPU.ActiveCfg = Debug|Any CPU
		{AEE7A334-3EF2-499B-A4F0-201095EE5A38}.Debug|Any CPU.Build.0 = Debug|Any CPU
		{AEE7A334-3EF2-499B-A4F0-201095EE5A38}.Release|Any CPU.ActiveCfg = Release|Any CPU
		{AEE7A334-3EF2-499B-A4F0-201095EE5A38}.Release|Any CPU.Build.0 = Release|Any CPU
	EndGlobalSection
	GlobalSection(SolutionProperties) = preSolution
		HideSolutionNode = FALSE
	EndGlobalSection
	GlobalSection(ExtensibilityGlobals) = postSolution
		SolutionGuid = {B6FDC29E-793F-4767-8A3D-48B3D18BD486}
	EndGlobalSection
EndGlobal
